
Microsoft Visual Studio Solution File, Format Version 12.00
# Visual Studio Version 17
VisualStudioVersion = 17.7.34018.315
MinimumVisualStudioVersion = 10.0.40219.1
Project("{FAE04EC0-301F-11D3-BF4B-00C04F79EFBC}") = "TravelTrip", "TravelTrip\TravelTrip.csproj", "{723CF225-6F45-4A0B-97FF-B1D7C03CC519}"
EndProject
Global
	GlobalSection(SolutionConfigurationPlatforms) = preSolution
		Debug|Any CPU = Debug|Any CPU
		Release|Any CPU = Release|Any CPU
	EndGlobalSection
	GlobalSection(ProjectConfigurationPlatforms) = postSolution
		{723CF225-6F45-4A0B-97FF-B1D7C03CC519}.Debug|Any CPU.ActiveCfg = Debug|Any CPU
		{723CF225-6F45-4A0B-97FF-B1D7C03CC519}.Debug|Any CPU.Build.0 = Debug|Any CPU
		{723CF225-6F45-4A0B-97FF-B1D7C03CC519}.Release|Any CPU.ActiveCfg = Release|Any CPU
		{723CF225-6F45-4A0B-97FF-B1D7C03CC519}.Release|Any CPU.Build.0 = Release|Any CPU
	EndGlobalSection
	GlobalSection(SolutionProperties) = preSolution
		HideSolutionNode = FALSE
	EndGlobalSection
	GlobalSection(ExtensibilityGlobals) = postSolution
		SolutionGuid = {324371C6-5903-48D9-A2E3-01A8939F3F72}
	EndGlobalSection
EndGlobal
